
Microsoft Visual Studio Solution File, Format Version 12.00
# Visual Studio 2015
Project("{FAE04EC0-301F-11D3-BF4B-00C04F79EFBC}") = "Possess.CSharp", "Possess.CSharp.csproj", "{EFBDE7EC-BE11-DEF2-D175-32F22366D032}"
EndProject
Project("{FAE04EC0-301F-11D3-BF4B-00C04F79EFBC}") = "Possess.CSharp.Editor", "Possess.CSharp.Editor.csproj", "{997802E4-C292-B448-7BBF-0B7A13294BC6}"
EndProject
Global
	GlobalSection(SolutionConfigurationPlatforms) = preSolution
		Debug|Any CPU = Debug|Any CPU
		Release|Any CPU = Release|Any CPU
	EndGlobalSection
	GlobalSection(ProjectConfigurationPlatforms) = postSolution
		{EFBDE7EC-BE11-DEF2-D175-32F22366D032}.Debug|Any CPU.ActiveCfg = Debug|Any CPU
		{EFBDE7EC-BE11-DEF2-D175-32F22366D032}.Debug|Any CPU.Build.0 = Debug|Any CPU
		{EFBDE7EC-BE11-DEF2-D175-32F22366D032}.Release|Any CPU.ActiveCfg = Release|Any CPU
		{EFBDE7EC-BE11-DEF2-D175-32F22366D032}.Release|Any CPU.Build.0 = Release|Any CPU
		{997802E4-C292-B448-7BBF-0B7A13294BC6}.Debug|Any CPU.ActiveCfg = Debug|Any CPU
		{997802E4-C292-B448-7BBF-0B7A13294BC6}.Debug|Any CPU.Build.0 = Debug|Any CPU
		{997802E4-C292-B448-7BBF-0B7A13294BC6}.Release|Any CPU.ActiveCfg = Release|Any CPU
		{997802E4-C292-B448-7BBF-0B7A13294BC6}.Release|Any CPU.Build.0 = Release|Any CPU
	EndGlobalSection
	GlobalSection(SolutionProperties) = preSolution
		HideSolutionNode = FALSE
	EndGlobalSection
EndGlobal
